
Microsoft Visual Studio Solution File, Format Version 12.00
# Visual Studio Version 17
VisualStudioVersion = 17.0.31903.59
MinimumVisualStudioVersion = 10.0.40219.1
Project("{FAE04EC0-301F-11D3-BF4B-00C04F79EFBC}") = "API", "API\API.csproj", "{B238C14D-04B4-4DEC-A230-A4EEE5E42C94}"
EndProject
Project("{FAE04EC0-301F-11D3-BF4B-00C04F79EFBC}") = "Application", "Application\Application.csproj", "{8BB513F4-CAFC-4456-9B11-B8F45684C33A}"
EndProject
Project("{FAE04EC0-301F-11D3-BF4B-00C04F79EFBC}") = "Domain", "Domain\Domain.csproj", "{5C39B2CC-D470-44B7-9176-C635AFB4BC5B}"
EndProject
Project("{FAE04EC0-301F-11D3-BF4B-00C04F79EFBC}") = "Persistence", "Persistence\Persistence.csproj", "{D73FE737-D2A1-44F3-AD52-8868A880CE65}"
EndProject
Global
	GlobalSection(SolutionConfigurationPlatforms) = preSolution
		Debug|Any CPU = Debug|Any CPU
		Release|Any CPU = Release|Any CPU
	EndGlobalSection
	GlobalSection(SolutionProperties) = preSolution
		HideSolutionNode = FALSE
	EndGlobalSection
	GlobalSection(ProjectConfigurationPlatforms) = postSolution
		{B238C14D-04B4-4DEC-A230-A4EEE5E42C94}.Debug|Any CPU.ActiveCfg = Debug|Any CPU
		{B238C14D-04B4-4DEC-A230-A4EEE5E42C94}.Debug|Any CPU.Build.0 = Debug|Any CPU
		{B238C14D-04B4-4DEC-A230-A4EEE5E42C94}.Release|Any CPU.ActiveCfg = Release|Any CPU
		{B238C14D-04B4-4DEC-A230-A4EEE5E42C94}.Release|Any CPU.Build.0 = Release|Any CPU
		{8BB513F4-CAFC-4456-9B11-B8F45684C33A}.Debug|Any CPU.ActiveCfg = Debug|Any CPU
		{8BB513F4-CAFC-4456-9B11-B8F45684C33A}.Debug|Any CPU.Build.0 = Debug|Any CPU
		{8BB513F4-CAFC-4456-9B11-B8F45684C33A}.Release|Any CPU.ActiveCfg = Release|Any CPU
		{8BB513F4-CAFC-4456-9B11-B8F45684C33A}.Release|Any CPU.Build.0 = Release|Any CPU
		{5C39B2CC-D470-44B7-9176-C635AFB4BC5B}.Debug|Any CPU.ActiveCfg = Debug|Any CPU
		{5C39B2CC-D470-44B7-9176-C635AFB4BC5B}.Debug|Any CPU.Build.0 = Debug|Any CPU
		{5C39B2CC-D470-44B7-9176-C635AFB4BC5B}.Release|Any CPU.ActiveCfg = Release|Any CPU
		{5C39B2CC-D470-44B7-9176-C635AFB4BC5B}.Release|Any CPU.Build.0 = Release|Any CPU
		{D73FE737-D2A1-44F3-AD52-8868A880CE65}.Debug|Any CPU.ActiveCfg = Debug|Any CPU
		{D73FE737-D2A1-44F3-AD52-8868A880CE65}.Debug|Any CPU.Build.0 = Debug|Any CPU
		{D73FE737-D2A1-44F3-AD52-8868A880CE65}.Release|Any CPU.ActiveCfg = Release|Any CPU
		{D73FE737-D2A1-44F3-AD52-8868A880CE65}.Release|Any CPU.Build.0 = Release|Any CPU
	EndGlobalSection
EndGlobal
